
Microsoft Visual Studio Solution File, Format Version 12.00
# Visual Studio Version 17
VisualStudioVersion = 17.0.31912.275
MinimumVisualStudioVersion = 10.0.40219.1
Project("{9A19103F-16F7-4668-BE54-9A1E7A4F7556}") = "Factory", "Factory\Factory.csproj", "{1624A2EE-053C-48B6-8C5B-4CA499787CAA}"
EndProject
Project("{FAE04EC0-301F-11D3-BF4B-00C04F79EFBC}") = "Decorator", "Decorator\Decorator.csproj", "{4DBB1B01-6AB5-4A86-843C-761BA74F88F4}"
EndProject
Project("{FAE04EC0-301F-11D3-BF4B-00C04F79EFBC}") = "AbstractFactory", "AbstractFactory\AbstractFactory.csproj", "{5A0841E7-7DC4-4E48-951F-E909B5C7DB18}"
EndProject
Project("{FAE04EC0-301F-11D3-BF4B-00C04F79EFBC}") = "ChainOfResponsibility", "ChainOfResponsibility\ChainOfResponsibility.csproj", "{DEBAF529-FA81-40FB-97A1-467F8090770B}"
EndProject
Project("{FAE04EC0-301F-11D3-BF4B-00C04F79EFBC}") = "Builder", "Builder\Builder.csproj", "{2DFD884A-8FB5-49EF-BF64-B9B6263166FB}"
EndProject
Project("{FAE04EC0-301F-11D3-BF4B-00C04F79EFBC}") = "Singleton", "Singleton\Singleton.csproj", "{3B68E043-6B96-4D2E-88C5-18FE4BAAA65C}"
EndProject
Project("{FAE04EC0-301F-11D3-BF4B-00C04F79EFBC}") = "Observer", "Observer\Observer.csproj", "{21BD2F73-EEDB-4033-90CF-FA5F203BD8C9}"
EndProject
Project("{FAE04EC0-301F-11D3-BF4B-00C04F79EFBC}") = "Strategy", "Strategy\Strategy.csproj", "{C0282465-3923-4BAE-A77B-CE5465CC198D}"
EndProject
Project("{FAE04EC0-301F-11D3-BF4B-00C04F79EFBC}") = "TemplateMethod", "TemplateMethod\TemplateMethod.csproj", "{DC9EB354-3996-433B-A2A3-0D71630C5A44}"
EndProject
Project("{FAE04EC0-301F-11D3-BF4B-00C04F79EFBC}") = "Proxy", "Proxy\Proxy.csproj", "{5BD4FAD9-28B0-4E1D-88C1-1806638AA355}"
EndProject
Global
	GlobalSection(SolutionConfigurationPlatforms) = preSolution
		Debug|Any CPU = Debug|Any CPU
		Release|Any CPU = Release|Any CPU
	EndGlobalSection
	GlobalSection(ProjectConfigurationPlatforms) = postSolution
		{1624A2EE-053C-48B6-8C5B-4CA499787CAA}.Debug|Any CPU.ActiveCfg = Debug|Any CPU
		{1624A2EE-053C-48B6-8C5B-4CA499787CAA}.Debug|Any CPU.Build.0 = Debug|Any CPU
		{1624A2EE-053C-48B6-8C5B-4CA499787CAA}.Release|Any CPU.ActiveCfg = Release|Any CPU
		{1624A2EE-053C-48B6-8C5B-4CA499787CAA}.Release|Any CPU.Build.0 = Release|Any CPU
		{4DBB1B01-6AB5-4A86-843C-761BA74F88F4}.Debug|Any CPU.ActiveCfg = Debug|Any CPU
		{4DBB1B01-6AB5-4A86-843C-761BA74F88F4}.Debug|Any CPU.Build.0 = Debug|Any CPU
		{4DBB1B01-6AB5-4A86-843C-761BA74F88F4}.Release|Any CPU.ActiveCfg = Release|Any CPU
		{4DBB1B01-6AB5-4A86-843C-761BA74F88F4}.Release|Any CPU.Build.0 = Release|Any CPU
		{5A0841E7-7DC4-4E48-951F-E909B5C7DB18}.Debug|Any CPU.ActiveCfg = Debug|Any CPU
		{5A0841E7-7DC4-4E48-951F-E909B5C7DB18}.Debug|Any CPU.Build.0 = Debug|Any CPU
		{5A0841E7-7DC4-4E48-951F-E909B5C7DB18}.Release|Any CPU.ActiveCfg = Release|Any CPU
		{5A0841E7-7DC4-4E48-951F-E909B5C7DB18}.Release|Any CPU.Build.0 = Release|Any CPU
		{DEBAF529-FA81-40FB-97A1-467F8090770B}.Debug|Any CPU.ActiveCfg = Debug|Any CPU
		{DEBAF529-FA81-40FB-97A1-467F8090770B}.Debug|Any CPU.Build.0 = Debug|Any CPU
		{DEBAF529-FA81-40FB-97A1-467F8090770B}.Release|Any CPU.ActiveCfg = Release|Any CPU
		{DEBAF529-FA81-40FB-97A1-467F8090770B}.Release|Any CPU.Build.0 = Release|Any CPU
		{2DFD884A-8FB5-49EF-BF64-B9B6263166FB}.Debug|Any CPU.ActiveCfg = Debug|Any CPU
		{2DFD884A-8FB5-49EF-BF64-B9B6263166FB}.Debug|Any CPU.Build.0 = Debug|Any CPU
		{2DFD884A-8FB5-49EF-BF64-B9B6263166FB}.Release|Any CPU.ActiveCfg = Release|Any CPU
		{2DFD884A-8FB5-49EF-BF64-B9B6263166FB}.Release|Any CPU.Build.0 = Release|Any CPU
		{3B68E043-6B96-4D2E-88C5-18FE4BAAA65C}.Debug|Any CPU.ActiveCfg = Debug|Any CPU
		{3B68E043-6B96-4D2E-88C5-18FE4BAAA65C}.Debug|Any CPU.Build.0 = Debug|Any CPU
		{3B68E043-6B96-4D2E-88C5-18FE4BAAA65C}.Release|Any CPU.ActiveCfg = Release|Any CPU
		{3B68E043-6B96-4D2E-88C5-18FE4BAAA65C}.Release|Any CPU.Build.0 = Release|Any CPU
		{21BD2F73-EEDB-4033-90CF-FA5F203BD8C9}.Debug|Any CPU.ActiveCfg = Debug|Any CPU
		{21BD2F73-EEDB-4033-90CF-FA5F203BD8C9}.Debug|Any CPU.Build.0 = Debug|Any CPU
		{21BD2F73-EEDB-4033-90CF-FA5F203BD8C9}.Release|Any CPU.ActiveCfg = Release|Any CPU
		{21BD2F73-EEDB-4033-90CF-FA5F203BD8C9}.Release|Any CPU.Build.0 = Release|Any CPU
		{C0282465-3923-4BAE-A77B-CE5465CC198D}.Debug|Any CPU.ActiveCfg = Debug|Any CPU
		{C0282465-3923-4BAE-A77B-CE5465CC198D}.Debug|Any CPU.Build.0 = Debug|Any CPU
		{C0282465-3923-4BAE-A77B-CE5465CC198D}.Release|Any CPU.ActiveCfg = Release|Any CPU
		{C0282465-3923-4BAE-A77B-CE5465CC198D}.Release|Any CPU.Build.0 = Release|Any CPU
		{DC9EB354-3996-433B-A2A3-0D71630C5A44}.Debug|Any CPU.ActiveCfg = Debug|Any CPU
		{DC9EB354-3996-433B-A2A3-0D71630C5A44}.Debug|Any CPU.Build.0 = Debug|Any CPU
		{DC9EB354-3996-433B-A2A3-0D71630C5A44}.Release|Any CPU.ActiveCfg = Release|Any CPU
		{DC9EB354-3996-433B-A2A3-0D71630C5A44}.Release|Any CPU.Build.0 = Release|Any CPU
		{5BD4FAD9-28B0-4E1D-88C1-1806638AA355}.Debug|Any CPU.ActiveCfg = Debug|Any CPU
		{5BD4FAD9-28B0-4E1D-88C1-1806638AA355}.Debug|Any CPU.Build.0 = Debug|Any CPU
		{5BD4FAD9-28B0-4E1D-88C1-1806638AA355}.Release|Any CPU.ActiveCfg = Release|Any CPU
		{5BD4FAD9-28B0-4E1D-88C1-1806638AA355}.Release|Any CPU.Build.0 = Release|Any CPU
	EndGlobalSection
	GlobalSection(SolutionProperties) = preSolution
		HideSolutionNode = FALSE
	EndGlobalSection
	GlobalSection(ExtensibilityGlobals) = postSolution
		SolutionGuid = {6543EF84-6F5E-47B8-A3D2-99362C822B0A}
	EndGlobalSection
EndGlobal
